{
  "name": "Test",
  "lockfileVersion": 3,
  "requires": true,
  "packages": {
    "": {
      "dependencies": {
        "@myriaddreamin/typst.ts": "^0.7.0"
      }
    },
    "node_modules/@myriaddreamin/typst.ts": {
      "version": "0.7.0",
      "resolved": "https://registry.npmjs.org/@myriaddreamin/typst.ts/-/typst.ts-0.7.0.tgz",
      "integrity": "sha512-JtO5Td/1QesH1IBKAZtbayFNK8u2sl3iz18Y67uYqBEdcXiu3z+wpZcDDKlmVJvAcCgSjHTnuk6ZLfkYclrGGQ==",
      "license": "Apache-2.0",
      "dependencies": {
        "idb": "^7.1.1"
      },
      "peerDependencies": {
        "@myriaddreamin/typst-ts-renderer": "^0.7.0",
        "@myriaddreamin/typst-ts-web-compiler": "^0.7.0"
      },
      "peerDependenciesMeta": {
        "@myriaddreamin/typst-ts-renderer": {
          "optional": true
        },
        "@myriaddreamin/typst-ts-web-compiler": {
          "optional": true
        }
      }
    },
    "node_modules/idb": {
      "version": "7.1.1",
      "resolved": "https://registry.npmjs.org/idb/-/idb-7.1.1.tgz",
      "integrity": "sha512-gchesWBzyvGHRO9W8tzUWFDycow5gwjvFKfyV9FF32Y7F50yZMp7mP+T2mJIWFx49zicqyC4uefHM17o6xKIVQ==",
      "license": "ISC"
    }
  }
}
